
Microsoft Visual Studio Solution File, Format Version 12.00
# Visual Studio Version 16
VisualStudioVersion = 16.0.30517.126
MinimumVisualStudioVersion = 10.0.40219.1
Project("{FAE04EC0-301F-11D3-BF4B-00C04F79EFBC}") = "HappyBirthday", "HappyBirthday\HappyBirthday.csproj", "{1230A2F8-0D91-43DA-9749-CABE24C8EB24}"
EndProject
Global
	GlobalSection(SolutionConfigurationPlatforms) = preSolution
		Debug|Any CPU = Debug|Any CPU
		Release|Any CPU = Release|Any CPU
	EndGlobalSection
	GlobalSection(ProjectConfigurationPlatforms) = postSolution
		{1230A2F8-0D91-43DA-9749-CABE24C8EB24}.Debug|Any CPU.ActiveCfg = Debug|Any CPU
		{1230A2F8-0D91-43DA-9749-CABE24C8EB24}.Debug|Any CPU.Build.0 = Debug|Any CPU
		{1230A2F8-0D91-43DA-9749-CABE24C8EB24}.Release|Any CPU.ActiveCfg = Release|Any CPU
		{1230A2F8-0D91-43DA-9749-CABE24C8EB24}.Release|Any CPU.Build.0 = Release|Any CPU
	EndGlobalSection
	GlobalSection(SolutionProperties) = preSolution
		HideSolutionNode = FALSE
	EndGlobalSection
	GlobalSection(ExtensibilityGlobals) = postSolution
		SolutionGuid = {E5E97272-9CF0-4DE6-A490-66B8C53BB34F}
	EndGlobalSection
EndGlobal
